# This file was autogenerated by Stack.
# You should not edit this file by hand.
# For more information, please see the documentation at:
#   https://docs.haskellstack.org/en/stable/lock_files

packages:
- completed:
    hackage: cairo-0.13.6.1@sha256:6ec483dc48865d55e903aacb8740aee2d4831b8c0f34eebbf7a323edafdabb37,4075
    pantry-tree:
      size: 2830
      sha256: fe4992b0f5df82083c32f13d211525515ac2d6eecef81b46ca3ef008753a521e
  original:
    hackage: cairo-0.13.6.1
- completed:
    hackage: hsnoise-0.0.2@sha256:ebde231014d8c1f4c44e9760742824af87645cdff1f223c2efe16d79bc418587,1306
    pantry-tree:
      size: 535
      sha256: a8a86b3f5ddc47573cdcf176b6a0a884435dcd7ed21c6bc763566188b45cd133
  original:
    hackage: hsnoise-0.0.2
- completed:
    hackage: gtk2hs-buildtools-0.13.5.4@sha256:0f18b0103fa7a3cbc28edc6a97bdaf08e1f9bd273ef26d2ad498630ec6d0ac9c,5288
    pantry-tree:
      size: 3588
      sha256: df6fdd3aaf8b9d3dd420b5c5906751d7399f1999607b396141d1493c76472e1b
  original:
    hackage: gtk2hs-buildtools-0.13.5.4
snapshots:
- completed:
    size: 524799
    url: https://raw.githubusercontent.com/commercialhaskell/stackage-snapshots/master/lts/14/17.yaml
    sha256: 1d72b33c0fc048e23f4f18fd76a6ad79dd1d8a3c054644098a71a09855e40c7c
  original: lts-14.17
